
Microsoft Visual Studio Solution File, Format Version 12.00
# Visual Studio Version 16
VisualStudioVersion = 16.0.31424.327
MinimumVisualStudioVersion = 10.0.40219.1
Project("{FAE04EC0-301F-11D3-BF4B-00C04F79EFBC}") = "RecorteDeCoração", "RecorteDeCoração\RecorteDeCoração.csproj", "{7C13684A-A388-4962-BB2E-F6DDEA3F082D}"
EndProject
Project("{54435603-DBB4-11D2-8724-00A0C9A8B90C}") = "Instaler", "Instaler\Instaler.vdproj", "{8C4BB257-4662-4C72-963B-98B8A88E927E}"
EndProject
Global
	GlobalSection(SolutionConfigurationPlatforms) = preSolution
		Debug|Any CPU = Debug|Any CPU
		Release|Any CPU = Release|Any CPU
	EndGlobalSection
	GlobalSection(ProjectConfigurationPlatforms) = postSolution
		{7C13684A-A388-4962-BB2E-F6DDEA3F082D}.Debug|Any CPU.ActiveCfg = Debug|Any CPU
		{7C13684A-A388-4962-BB2E-F6DDEA3F082D}.Debug|Any CPU.Build.0 = Debug|Any CPU
		{7C13684A-A388-4962-BB2E-F6DDEA3F082D}.Release|Any CPU.ActiveCfg = Release|Any CPU
		{7C13684A-A388-4962-BB2E-F6DDEA3F082D}.Release|Any CPU.Build.0 = Release|Any CPU
		{8C4BB257-4662-4C72-963B-98B8A88E927E}.Debug|Any CPU.ActiveCfg = Debug
		{8C4BB257-4662-4C72-963B-98B8A88E927E}.Release|Any CPU.ActiveCfg = Release
	EndGlobalSection
	GlobalSection(SolutionProperties) = preSolution
		HideSolutionNode = FALSE
	EndGlobalSection
	GlobalSection(ExtensibilityGlobals) = postSolution
		SolutionGuid = {0AA2AD41-2721-4ED1-9BD7-54E216407F7A}
	EndGlobalSection
EndGlobal
